{
  "meteor": {},
  "dependencies": {
    "basePackages": {
      "user-status": {
        "path": "../meteor-user-status"
      },
      "turkserver": {
        "path": "../turkserver-meteor"
      },
      "bootboxjs": {
        "version": "3.2.2"
      },
      "iron-router": {
        "version": "0.6.2"
      },
      "tutorials": {
        "version": "0.3.1"
      }
    },
    "packages": {
      "user-status": {
        "path": "../meteor-user-status"
      },
      "turkserver": {
        "path": "../turkserver-meteor"
      },
      "bootboxjs": {
        "git": "https://github.com/TimHeckel/meteor-bootboxjs.git",
        "tag": "v3.2.2",
        "commit": "580adfebfa12b4d2186a80cec1109dab74ad6228"
      },
      "iron-router": {
        "git": "https://github.com/EventedMind/iron-router.git",
        "tag": "v0.6.2",
        "commit": "ce56e58b45624dce992490f3a1c10f10d3948bae"
      },
      "tutorials": {
        "git": "https://github.com/mizzao/meteor-tutorials.git",
        "tag": "v0.3.1",
        "commit": "d154f1df80c0fc4ba69c439cb4a6da1294459740"
      },
      "x-editable-bootstrap": {
        "git": "https://github.com/nate-strauser/meteor-x-editable-bootstrap.git",
        "tag": "v1.4.6.2",
        "commit": "d3fcead1dd2302e30522e8c09d020f9a3d312cd0"
      },
      "collection-hooks": {
        "path": "../meteor-collection-hooks"
      },
      "jqueryui": {
        "git": "https://github.com/mizzao/meteor-jqueryui.git",
        "tag": "v1.10.3r2",
        "commit": "d54f75cfad37ff8ce6ef9ad49de55738ba921af7"
      },
      "build-fetcher": {
        "git": "https://github.com/mizzao/meteor-build-fetcher.git",
        "tag": "v0.1.0",
        "commit": "e3813b1fc7f5c576e8e1fa4c51ae6f4687780a35"
      }
    }
  }
}
